
Microsoft Visual Studio Solution File, Format Version 12.00
# Visual Studio Version 16
VisualStudioVersion = 16.0.30309.148
MinimumVisualStudioVersion = 10.0.40219.1
Project("{FAE04EC0-301F-11D3-BF4B-00C04F79EFBC}") = "topic5keep", "topic5keep.csproj", "{B7771951-DDC9-4D6C-A47E-13A601DF19FD}"
EndProject
Global
	GlobalSection(SolutionConfigurationPlatforms) = preSolution
		Debug|Any CPU = Debug|Any CPU
		Release|Any CPU = Release|Any CPU
	EndGlobalSection
	GlobalSection(ProjectConfigurationPlatforms) = postSolution
		{B7771951-DDC9-4D6C-A47E-13A601DF19FD}.Debug|Any CPU.ActiveCfg = Debug|Any CPU
		{B7771951-DDC9-4D6C-A47E-13A601DF19FD}.Debug|Any CPU.Build.0 = Debug|Any CPU
		{B7771951-DDC9-4D6C-A47E-13A601DF19FD}.Release|Any CPU.ActiveCfg = Release|Any CPU
		{B7771951-DDC9-4D6C-A47E-13A601DF19FD}.Release|Any CPU.Build.0 = Release|Any CPU
	EndGlobalSection
	GlobalSection(SolutionProperties) = preSolution
		HideSolutionNode = FALSE
	EndGlobalSection
	GlobalSection(ExtensibilityGlobals) = postSolution
		SolutionGuid = {7CBB2B8D-4240-40AC-AD2F-8553FD10A5D7}
	EndGlobalSection
EndGlobal
